
Microsoft Visual Studio Solution File, Format Version 12.00
# Visual Studio Version 17
VisualStudioVersion = 17.8.34322.80
MinimumVisualStudioVersion = 10.0.40219.1
Project("{9A19103F-16F7-4668-BE54-9A1E7A4F7556}") = "IUR_Semestral_Work", "IUR_Semestral_Work\IUR_Semestral_Work.csproj", "{B2437443-6E3A-4A18-9ED7-C41E4A8B01E8}"
EndProject
Project("{FAE04EC0-301F-11D3-BF4B-00C04F79EFBC}") = "ToggleButtonCustomControl", "ToggleButtonCustomControl\ToggleButtonCustomControl.csproj", "{364DE1CE-80CE-4B1C-A6F8-7A1646EB4C1F}"
EndProject
Project("{FAE04EC0-301F-11D3-BF4B-00C04F79EFBC}") = "ButtonCustomControl", "ButtonCustomControl\ButtonCustomControl.csproj", "{3187055C-7544-41EA-9A97-72387B6AEA27}"
EndProject
Global
	GlobalSection(SolutionConfigurationPlatforms) = preSolution
		Debug|Any CPU = Debug|Any CPU
		Release|Any CPU = Release|Any CPU
	EndGlobalSection
	GlobalSection(ProjectConfigurationPlatforms) = postSolution
		{B2437443-6E3A-4A18-9ED7-C41E4A8B01E8}.Debug|Any CPU.ActiveCfg = Debug|Any CPU
		{B2437443-6E3A-4A18-9ED7-C41E4A8B01E8}.Debug|Any CPU.Build.0 = Debug|Any CPU
		{B2437443-6E3A-4A18-9ED7-C41E4A8B01E8}.Release|Any CPU.ActiveCfg = Release|Any CPU
		{B2437443-6E3A-4A18-9ED7-C41E4A8B01E8}.Release|Any CPU.Build.0 = Release|Any CPU
		{364DE1CE-80CE-4B1C-A6F8-7A1646EB4C1F}.Debug|Any CPU.ActiveCfg = Debug|Any CPU
		{364DE1CE-80CE-4B1C-A6F8-7A1646EB4C1F}.Debug|Any CPU.Build.0 = Debug|Any CPU
		{364DE1CE-80CE-4B1C-A6F8-7A1646EB4C1F}.Release|Any CPU.ActiveCfg = Release|Any CPU
		{364DE1CE-80CE-4B1C-A6F8-7A1646EB4C1F}.Release|Any CPU.Build.0 = Release|Any CPU
		{3187055C-7544-41EA-9A97-72387B6AEA27}.Debug|Any CPU.ActiveCfg = Debug|Any CPU
		{3187055C-7544-41EA-9A97-72387B6AEA27}.Debug|Any CPU.Build.0 = Debug|Any CPU
		{3187055C-7544-41EA-9A97-72387B6AEA27}.Release|Any CPU.ActiveCfg = Release|Any CPU
		{3187055C-7544-41EA-9A97-72387B6AEA27}.Release|Any CPU.Build.0 = Release|Any CPU
	EndGlobalSection
	GlobalSection(SolutionProperties) = preSolution
		HideSolutionNode = FALSE
	EndGlobalSection
	GlobalSection(ExtensibilityGlobals) = postSolution
		SolutionGuid = {A6BD1C01-F096-4A63-BA8B-620BBC5BE4FA}
	EndGlobalSection
EndGlobal
